// !$*UTF8*$!
{
	archiveVersion = 1;
	classes = {
	};
	objectVersion = 77;
	objects = {

/* Begin PBXContainerItemProxy section */
		793C42692CE9AFAA0027F3D1 /* PBXContainerItemProxy */ = {
			isa = PBXContainerItemProxy;
			containerPortal = 793C42502CE9AFA70027F3D1 /* Project object */;
			proxyType = 1;
			remoteGlobalIDString = 793C42572CE9AFA70027F3D1;
			remoteInfo = TimeApp;
		};
		793C42732CE9AFAA0027F3D1 /* PBXContainerItemProxy */ = {
			isa = PBXContainerItemProxy;
			containerPortal = 793C42502CE9AFA70027F3D1 /* Project object */;
			proxyType = 1;
			remoteGlobalIDString = 793C42572CE9AFA70027F3D1;
			remoteInfo = TimeApp;
		};
/* End PBXContainerItemProxy section */

/* Begin PBXFileReference section */
		793C42582CE9AFA70027F3D1 /* TimeApp.app */ = {isa = PBXFileReference; explicitFileType = wrapper.application; includeInIndex = 0; path = TimeApp.app; sourceTree = BUILT_PRODUCTS_DIR; };
		793C42682CE9AFAA0027F3D1 /* TimeAppTests.xctest */ = {isa = PBXFileReference; explicitFileType = wrapper.cfbundle; includeInIndex = 0; path = TimeAppTests.xctest; sourceTree = BUILT_PRODUCTS_DIR; };
		793C42722CE9AFAA0027F3D1 /* TimeAppUITests.xctest */ = {isa = PBXFileReference; explicitFileType = wrapper.cfbundle; includeInIndex = 0; path = TimeAppUITests.xctest; sourceTree = BUILT_PRODUCTS_DIR; };
/* End PBXFileReference section */

/* Begin PBXFileSystemSynchronizedBuildFileExceptionSet section */
		793C42882CE9B73E0027F3D1 /* Exceptions for "TimeApp" folder in "TimeApp" target */ = {
			isa = PBXFileSystemSynchronizedBuildFileExceptionSet;
			membershipExceptions = (
				Info.plist,
			);
			target = 793C42572CE9AFA70027F3D1 /* TimeApp */;
		};
/* End PBXFileSystemSynchronizedBuildFileExceptionSet section */

/* Begin PBXFileSystemSynchronizedRootGroup section */
		793C425A2CE9AFA70027F3D1 /* TimeApp */ = {
			isa = PBXFileSystemSynchronizedRootGroup;
			exceptions = (
				793C42882CE9B73E0027F3D1 /* Exceptions for "TimeApp" folder in "TimeApp" target */,
			);
			path = TimeApp;
			sourceTree = "<group>";
		};
		793C426B2CE9AFAA0027F3D1 /* TimeAppTests */ = {
			isa = PBXFileSystemSynchronizedRootGroup;
			path = TimeAppTests;
			sourceTree = "<group>";
		};
		793C42752CE9AFAA0027F3D1 /* TimeAppUITests */ = {
			isa = PBXFileSystemSynchronizedRootGroup;
			path = TimeAppUITests;
			sourceTree = "<group>";
		};
/* End PBXFileSystemSynchronizedRootGroup section */

/* Begin PBXFrameworksBuildPhase section */
		793C42552CE9AFA70027F3D1 /* Frameworks */ = {
			isa = PBXFrameworksBuildPhase;
			buildActionMask = 2147483647;
			files = (
			);
			runOnlyForDeploymentPostprocessing = 0;
		};
		793C42652CE9AFAA0027F3D1 /* Frameworks */ = {
			isa = PBXFrameworksBuildPhase;
			buildActionMask = 2147483647;
			files = (
			);
			runOnlyForDeploymentPostprocessing = 0;
		};
		793C426F2CE9AFAA0027F3D1 /* Frameworks */ = {
			isa = PBXFrameworksBuildPhase;
			buildActionMask = 2147483647;
			files = (
			);
			runOnlyForDeploymentPostprocessing = 0;
		};
/* End PBXFrameworksBuildPhase section */

/* Begin PBXGroup section */
		793C424F2CE9AFA70027F3D1 = {
			isa = PBXGroup;
			children = (
				793C425A2CE9AFA70027F3D1 /* TimeApp */,
				793C426B2CE9AFAA0027F3D1 /* TimeAppTests */,
				793C42752CE9AFAA0027F3D1 /* TimeAppUITests */,
				793C42592CE9AFA70027F3D1 /* Products */,
			);
			sourceTree = "<group>";
		};
		793C42592CE9AFA70027F3D1 /* Products */ = {
			isa = PBXGroup;
			children = (
				793C42582CE9AFA70027F3D1 /* TimeApp.app */,
				793C42682CE9AFAA0027F3D1 /* TimeAppTests.xctest */,
				793C42722CE9AFAA0027F3D1 /* TimeAppUITests.xctest */,
			);
			name = Products;
			sourceTree = "<group>";
		};
/* End PBXGroup section */

/* Begin PBXNativeTarget section */
		793C42572CE9AFA70027F3D1 /* TimeApp */ = {
			isa = PBXNativeTarget;
			buildConfigurationList = 793C427C2CE9AFAA0027F3D1 /* Build configuration list for PBXNativeTarget "TimeApp" */;
			buildPhases = (
				793C42542CE9AFA70027F3D1 /* Sources */,
				793C42552CE9AFA70027F3D1 /* Frameworks */,
				793C42562CE9AFA70027F3D1 /* Resources */,
			);
			buildRules = (
			);
			dependencies = (
			);
			fileSystemSynchronizedGroups = (
				793C425A2CE9AFA70027F3D1 /* TimeApp */,
			);
			name = TimeApp;
			packageProductDependencies = (
			);
			productName = TimeApp;
			productReference = 793C42582CE9AFA70027F3D1 /* TimeApp.app */;
			productType = "com.apple.product-type.application";
		};
		793C42672CE9AFAA0027F3D1 /* TimeAppTests */ = {
			isa = PBXNativeTarget;
			buildConfigurationList = 793C427F2CE9AFAA0027F3D1 /* Build configuration list for PBXNativeTarget "TimeAppTests" */;
			buildPhases = (
				793C42642CE9AFAA0027F3D1 /* Sources */,
				793C42652CE9AFAA0027F3D1 /* Frameworks */,
				793C42662CE9AFAA0027F3D1 /* Resources */,
			);
			buildRules = (
			);
			dependencies = (
				793C426A2CE9AFAA0027F3D1 /* PBXTargetDependency */,
			);
			fileSystemSynchronizedGroups = (
				793C426B2CE9AFAA0027F3D1 /* TimeAppTests */,
			);
			name = TimeAppTests;
			packageProductDependencies = (
			);
			productName = TimeAppTests;
			productReference = 793C42682CE9AFAA0027F3D1 /* TimeAppTests.xctest */;
			productType = "com.apple.product-type.bundle.unit-test";
		};
		793C42712CE9AFAA0027F3D1 /* TimeAppUITests */ = {
			isa = PBXNativeTarget;
			buildConfigurationList = 793C42822CE9AFAA0027F3D1 /* Build configuration list for PBXNativeTarget "TimeAppUITests" */;
			buildPhases = (
				793C426E2CE9AFAA0027F3D1 /* Sources */,
				793C426F2CE9AFAA0027F3D1 /* Frameworks */,
				793C42702CE9AFAA0027F3D1 /* Resources */,
			);
			buildRules = (
			);
			dependencies = (
				793C42742CE9AFAA0027F3D1 /* PBXTargetDependency */,
			);
			fileSystemSynchronizedGroups = (
				793C42752CE9AFAA0027F3D1 /* TimeAppUITests */,
			);
			name = TimeAppUITests;
			packageProductDependencies = (
			);
			productName = TimeAppUITests;
			productReference = 793C42722CE9AFAA0027F3D1 /* TimeAppUITests.xctest */;
			productType = "com.apple.product-type.bundle.ui-testing";
		};
/* End PBXNativeTarget section */

/* Begin PBXProject section */
		793C42502CE9AFA70027F3D1 /* Project object */ = {
			isa = PBXProject;
			attributes = {
				BuildIndependentTargetsInParallel = 1;
				LastSwiftUpdateCheck = 1610;
				LastUpgradeCheck = 1610;
				TargetAttributes = {
					793C42572CE9AFA70027F3D1 = {
						CreatedOnToolsVersion = 16.1;
					};
					793C42672CE9AFAA0027F3D1 = {
						CreatedOnToolsVersion = 16.1;
						TestTargetID = 793C42572CE9AFA70027F3D1;
					};
					793C42712CE9AFAA0027F3D1 = {
						CreatedOnToolsVersion = 16.1;
						TestTargetID = 793C42572CE9AFA70027F3D1;
					};
				};
			};
			buildConfigurationList = 793C42532CE9AFA70027F3D1 /* Build configuration list for PBXProject "TimeApp" */;
			developmentRegion = en;
			hasScannedForEncodings = 0;
			knownRegions = (
				en,
				Base,
			);
			mainGroup = 793C424F2CE9AFA70027F3D1;
			minimizedProjectReferenceProxies = 1;
			preferredProjectObjectVersion = 77;
			productRefGroup = 793C42592CE9AFA70027F3D1 /* Products */;
			projectDirPath = "";
			projectRoot = "";
			targets = (
				793C42572CE9AFA70027F3D1 /* TimeApp */,
				793C42672CE9AFAA0027F3D1 /* TimeAppTests */,
				793C42712CE9AFAA0027F3D1 /* TimeAppUITests */,
			);
		};
/* End PBXProject section */

/* Begin PBXResourcesBuildPhase section */
		793C42562CE9AFA70027F3D1 /* Resources */ = {
			isa = PBXResourcesBuildPhase;
			buildActionMask = 2147483647;
			files = (
			);
			runOnlyForDeploymentPostprocessing = 0;
		};
		793C42662CE9AFAA0027F3D1 /* Resources */ = {
			isa = PBXResourcesBuildPhase;
			buildActionMask = 2147483647;
			files = (
			);
			runOnlyForDeploymentPostprocessing = 0;
		};
		793C42702CE9AFAA0027F3D1 /* Resources */ = {
			isa = PBXResourcesBuildPhase;
			buildActionMask = 2147483647;
			files = (
			);
			runOnlyForDeploymentPostprocessing = 0;
		};
/* End PBXResourcesBuildPhase section */

/* Begin PBXSourcesBuildPhase section */
		793C42542CE9AFA70027F3D1 /* Sources */ = {
			isa = PBXSourcesBuildPhase;
			buildActionMask = 2147483647;
			files = (
			);
			runOnlyForDeploymentPostprocessing = 0;
		};
		793C42642CE9AFAA0027F3D1 /* Sources */ = {
			isa = PBXSourcesBuildPhase;
			buildActionMask = 2147483647;
			files = (
			);
			runOnlyForDeploymentPostprocessing = 0;
		};
		793C426E2CE9AFAA0027F3D1 /* Sources */ = {
			isa = PBXSourcesBuildPhase;
			buildActionMask = 2147483647;
			files = (
			);
			runOnlyForDeploymentPostprocessing = 0;
		};
/* End PBXSourcesBuildPhase section */

/* Begin PBXTargetDependency section */
		793C426A2CE9AFAA0027F3D1 /* PBXTargetDependency */ = {
			isa = PBXTargetDependency;
			target = 793C42572CE9AFA70027F3D1 /* TimeApp */;
			targetProxy = 793C42692CE9AFAA0027F3D1 /* PBXContainerItemProxy */;
		};
		793C42742CE9AFAA0027F3D1 /* PBXTargetDependency */ = {
			isa = PBXTargetDependency;
			target = 793C42572CE9AFA70027F3D1 /* TimeApp */;
			targetProxy = 793C42732CE9AFAA0027F3D1 /* PBXContainerItemProxy */;
		};
/* End PBXTargetDependency section */

/* Begin XCBuildConfiguration section */
		793C427A2CE9AFAA0027F3D1 /* Debug */ = {
			isa = XCBuildConfiguration;
			buildSettings = {
				ALWAYS_SEARCH_USER_PATHS = NO;
				ASSETCATALOG_COMPILER_GENERATE_SWIFT_ASSET_SYMBOL_EXTENSIONS = YES;
				CLANG_ANALYZER_NONNULL = YES;
				CLANG_ANALYZER_NUMBER_OBJECT_CONVERSION = YES_AGGRESSIVE;
				CLANG_CXX_LANGUAGE_STANDARD = "gnu++20";
				CLANG_ENABLE_MODULES = YES;
				CLANG_ENABLE_OBJC_ARC = YES;
				CLANG_ENABLE_OBJC_WEAK = YES;
				CLANG_WARN_BLOCK_CAPTURE_AUTORELEASING = YES;
				CLANG_WARN_BOOL_CONVERSION = YES;
				CLANG_WARN_COMMA = YES;
				CLANG_WARN_CONSTANT_CONVERSION = YES;
				CLANG_WARN_DEPRECATED_OBJC_IMPLEMENTATIONS = YES;
				CLANG_WARN_DIRECT_OBJC_ISA_USAGE = YES_ERROR;
				CLANG_WARN_DOCUMENTATION_COMMENTS = YES;
				CLANG_WARN_EMPTY_BODY = YES;
				CLANG_WARN_ENUM_CONVERSION = YES;
				CLANG_WARN_INFINITE_RECURSION = YES;
				CLANG_WARN_INT_CONVERSION = YES;
				CLANG_WARN_NON_LITERAL_NULL_CONVERSION = YES;
				CLANG_WARN_OBJC_IMPLICIT_RETAIN_SELF = YES;
				CLANG_WARN_OBJC_LITERAL_CONVERSION = YES;
				CLANG_WARN_OBJC_ROOT_CLASS = YES_ERROR;
				CLANG_WARN_QUOTED_INCLUDE_IN_FRAMEWORK_HEADER = YES;
				CLANG_WARN_RANGE_LOOP_ANALYSIS = YES;
				CLANG_WARN_STRICT_PROTOTYPES = YES;
				CLANG_WARN_SUSPICIOUS_MOVE = YES;
				CLANG_WARN_UNGUARDED_AVAILABILITY = YES_AGGRESSIVE;
				CLANG_WARN_UNREACHABLE_CODE = YES;
				CLANG_WARN__DUPLICATE_METHOD_MATCH = YES;
				COPY_PHASE_STRIP = NO;
				DEBUG_INFORMATION_FORMAT = dwarf;
				ENABLE_STRICT_OBJC_MSGSEND = YES;
				ENABLE_TESTABILITY = YES;
				ENABLE_USER_SCRIPT_SANDBOXING = YES;
				GCC_C_LANGUAGE_STANDARD = gnu17;
				GCC_DYNAMIC_NO_PIC = NO;
				GCC_NO_COMMON_BLOCKS = YES;
				GCC_OPTIMIZATION_LEVEL = 0;
				GCC_PREPROCESSOR_DEFINITIONS = (
					"DEBUG=1",
					"$(inherited)",
				);
				GCC_WARN_64_TO_32_BIT_CONVERSION = YES;
				GCC_WARN_ABOUT_RETURN_TYPE = YES_ERROR;
				GCC_WARN_UNDECLARED_SELECTOR = YES;
				GCC_WARN_UNINITIALIZED_AUTOS = YES_AGGRESSIVE;
				GCC_WARN_UNUSED_FUNCTION = YES;
				GCC_WARN_UNUSED_VARIABLE = YES;
				IPHONEOS_DEPLOYMENT_TARGET = 18.1;
				LOCALIZATION_PREFERS_STRING_CATALOGS = YES;
				MTL_ENABLE_DEBUG_INFO = INCLUDE_SOURCE;
				MTL_FAST_MATH = YES;
				ONLY_ACTIVE_ARCH = YES;
				SDKROOT = iphoneos;
				SWIFT_ACTIVE_COMPILATION_CONDITIONS = "DEBUG $(inherited)";
				SWIFT_OPTIMIZATION_LEVEL = "-Onone";
			};
			name = Debug;
		};
		793C427B2CE9AFAA0027F3D1 /* Release */ = {
			isa = XCBuildConfiguration;
			buildSettings = {
				ALWAYS_SEARCH_USER_PATHS = NO;
				ASSETCATALOG_COMPILER_GENERATE_SWIFT_ASSET_SYMBOL_EXTENSIONS = YES;
				CLANG_ANALYZER_NONNULL = YES;
				CLANG_ANALYZER_NUMBER_OBJECT_CONVERSION = YES_AGGRESSIVE;
				CLANG_CXX_LANGUAGE_STANDARD = "gnu++20";
				CLANG_ENABLE_MODULES = YES;
				CLANG_ENABLE_OBJC_ARC = YES;
				CLANG_ENABLE_OBJC_WEAK = YES;
				CLANG_WARN_BLOCK_CAPTURE_AUTORELEASING = YES;
				CLANG_WARN_BOOL_CONVERSION = YES;
				CLANG_WARN_COMMA = YES;
				CLANG_WARN_CONSTANT_CONVERSION = YES;
				CLANG_WARN_DEPRECATED_OBJC_IMPLEMENTATIONS = YES;
				CLANG_WARN_DIRECT_OBJC_ISA_USAGE = YES_ERROR;
				CLANG_WARN_DOCUMENTATION_COMMENTS = YES;
				CLANG_WARN_EMPTY_BODY = YES;
				CLANG_WARN_ENUM_CONVERSION = YES;
				CLANG_WARN_INFINITE_RECURSION = YES;
				CLANG_WARN_INT_CONVERSION = YES;
				CLANG_WARN_NON_LITERAL_NULL_CONVERSION = YES;
				CLANG_WARN_OBJC_IMPLICIT_RETAIN_SELF = YES;
				CLANG_WARN_OBJC_LITERAL_CONVERSION = YES;
				CLANG_WARN_OBJC_ROOT_CLASS = YES_ERROR;
				CLANG_WARN_QUOTED_INCLUDE_IN_FRAMEWORK_HEADER = YES;
				CLANG_WARN_RANGE_LOOP_ANALYSIS = YES;
				CLANG_WARN_STRICT_PROTOTYPES = YES;
				CLANG_WARN_SUSPICIOUS_MOVE = YES;
				CLANG_WARN_UNGUARDED_AVAILABILITY = YES_AGGRESSIVE;
				CLANG_WARN_UNREACHABLE_CODE = YES;
				CLANG_WARN__DUPLICATE_METHOD_MATCH = YES;
				COPY_PHASE_STRIP = NO;
				DEBUG_INFORMATION_FORMAT = "dwarf-with-dsym";
				ENABLE_NS_ASSERTIONS = NO;
				ENABLE_STRICT_OBJC_MSGSEND = YES;
				ENABLE_USER_SCRIPT_SANDBOXING = YES;
				GCC_C_LANGUAGE_STANDARD = gnu17;
				GCC_NO_COMMON_BLOCKS = YES;
				GCC_WARN_64_TO_32_BIT_CONVERSION = YES;
				GCC_WARN_ABOUT_RETURN_TYPE = YES_ERROR;
				GCC_WARN_UNDECLARED_SELECTOR = YES;
				GCC_WARN_UNINITIALIZED_AUTOS = YES_AGGRESSIVE;
				GCC_WARN_UNUSED_FUNCTION = YES;
				GCC_WARN_UNUSED_VARIABLE = YES;
				IPHONEOS_DEPLOYMENT_TARGET = 18.1;
				LOCALIZATION_PREFERS_STRING_CATALOGS = YES;
				MTL_ENABLE_DEBUG_INFO = NO;
				MTL_FAST_MATH = YES;
				SDKROOT = iphoneos;
				SWIFT_COMPILATION_MODE = wholemodule;
				VALIDATE_PRODUCT = YES;
			};
			name = Release;
		};
		793C427D2CE9AFAA0027F3D1 /* Debug */ = {
			isa = XCBuildConfiguration;
			buildSettings = {
				ASSETCATALOG_COMPILER_APPICON_NAME = AppIcon;
				ASSETCATALOG_COMPILER_GLOBAL_ACCENT_COLOR_NAME = AccentColor;
				CODE_SIGN_STYLE = Automatic;
				CURRENT_PROJECT_VERSION = 1;
				DEVELOPMENT_ASSET_PATHS = "\"TimeApp/Preview Content\"";
				ENABLE_PREVIEWS = YES;
				GENERATE_INFOPLIST_FILE = YES;
				INFOPLIST_FILE = TimeApp/Info.plist;
				INFOPLIST_KEY_UIApplicationSceneManifest_Generation = YES;
				INFOPLIST_KEY_UIApplicationSupportsIndirectInputEvents = YES;
				INFOPLIST_KEY_UILaunchScreen_Generation = YES;
				INFOPLIST_KEY_UISupportedInterfaceOrientations_iPad = "UIInterfaceOrientationPortrait UIInterfaceOrientationPortraitUpsideDown UIInterfaceOrientationLandscapeLeft UIInterfaceOrientationLandscapeRight";
				INFOPLIST_KEY_UISupportedInterfaceOrientations_iPhone = "UIInterfaceOrientationPortrait UIInterfaceOrientationLandscapeLeft UIInterfaceOrientationLandscapeRight";
				LD_RUNPATH_SEARCH_PATHS = (
					"$(inherited)",
					"@executable_path/Frameworks",
				);
				MARKETING_VERSION = 1.0;
				PRODUCT_BUNDLE_IDENTIFIER = Chidi.TimeApp;
				PRODUCT_NAME = "$(TARGET_NAME)";
				SWIFT_EMIT_LOC_STRINGS = YES;
				SWIFT_VERSION = 5.0;
				TARGETED_DEVICE_FAMILY = "1,2";
			};
			name = Debug;
		};
		793C427E2CE9AFAA0027F3D1 /* Release */ = {
			isa = XCBuildConfiguration;
			buildSettings = {
				ASSETCATALOG_COMPILER_APPICON_NAME = AppIcon;
				ASSETCATALOG_COMPILER_GLOBAL_ACCENT_COLOR_NAME = AccentColor;
				CODE_SIGN_STYLE = Automatic;
				CURRENT_PROJECT_VERSION = 1;
				DEVELOPMENT_ASSET_PATHS = "\"TimeApp/Preview Content\"";
				ENABLE_PREVIEWS = YES;
				GENERATE_INFOPLIST_FILE = YES;
				INFOPLIST_FILE = TimeApp/Info.plist;
				INFOPLIST_KEY_UIApplicationSceneManifest_Generation = YES;
				INFOPLIST_KEY_UIApplicationSupportsIndirectInputEvents = YES;
				INFOPLIST_KEY_UILaunchScreen_Generation = YES;
				INFOPLIST_KEY_UISupportedInterfaceOrientations_iPad = "UIInterfaceOrientationPortrait UIInterfaceOrientationPortraitUpsideDown UIInterfaceOrientationLandscapeLeft UIInterfaceOrientationLandscapeRight";
				INFOPLIST_KEY_UISupportedInterfaceOrientations_iPhone = "UIInterfaceOrientationPortrait UIInterfaceOrientationLandscapeLeft UIInterfaceOrientationLandscapeRight";
				LD_RUNPATH_SEARCH_PATHS = (
					"$(inherited)",
					"@executable_path/Frameworks",
				);
				MARKETING_VERSION = 1.0;
				PRODUCT_BUNDLE_IDENTIFIER = Chidi.TimeApp;
				PRODUCT_NAME = "$(TARGET_NAME)";
				SWIFT_EMIT_LOC_STRINGS = YES;
				SWIFT_VERSION = 5.0;
				TARGETED_DEVICE_FAMILY = "1,2";
			};
			name = Release;
		};
		793C42802CE9AFAA0027F3D1 /* Debug */ = {
			isa = XCBuildConfiguration;
			buildSettings = {
				BUNDLE_LOADER = "$(TEST_HOST)";
				CODE_SIGN_STYLE = Automatic;
				CURRENT_PROJECT_VERSION = 1;
				GENERATE_INFOPLIST_FILE = YES;
				IPHONEOS_DEPLOYMENT_TARGET = 18.1;
				MARKETING_VERSION = 1.0;
				PRODUCT_BUNDLE_IDENTIFIER = Chidi.TimeAppTests;
				PRODUCT_NAME = "$(TARGET_NAME)";
				SWIFT_EMIT_LOC_STRINGS = NO;
				SWIFT_VERSION = 5.0;
				TARGETED_DEVICE_FAMILY = "1,2";
				TEST_HOST = "$(BUILT_PRODUCTS_DIR)/TimeApp.app/$(BUNDLE_EXECUTABLE_FOLDER_PATH)/TimeApp";
			};
			name = Debug;
		};
		793C42812CE9AFAA0027F3D1 /* Release */ = {
			isa = XCBuildConfiguration;
			buildSettings = {
				BUNDLE_LOADER = "$(TEST_HOST)";
				CODE_SIGN_STYLE = Automatic;
				CURRENT_PROJECT_VERSION = 1;
				GENERATE_INFOPLIST_FILE = YES;
				IPHONEOS_DEPLOYMENT_TARGET = 18.1;
				MARKETING_VERSION = 1.0;
				PRODUCT_BUNDLE_IDENTIFIER = Chidi.TimeAppTests;
				PRODUCT_NAME = "$(TARGET_NAME)";
				SWIFT_EMIT_LOC_STRINGS = NO;
				SWIFT_VERSION = 5.0;
				TARGETED_DEVICE_FAMILY = "1,2";
				TEST_HOST = "$(BUILT_PRODUCTS_DIR)/TimeApp.app/$(BUNDLE_EXECUTABLE_FOLDER_PATH)/TimeApp";
			};
			name = Release;
		};
		793C42832CE9AFAA0027F3D1 /* Debug */ = {
			isa = XCBuildConfiguration;
			buildSettings = {
				CODE_SIGN_STYLE = Automatic;
				CURRENT_PROJECT_VERSION = 1;
				GENERATE_INFOPLIST_FILE = YES;
				MARKETING_VERSION = 1.0;
				PRODUCT_BUNDLE_IDENTIFIER = Chidi.TimeAppUITests;
				PRODUCT_NAME = "$(TARGET_NAME)";
				SWIFT_EMIT_LOC_STRINGS = NO;
				SWIFT_VERSION = 5.0;
				TARGETED_DEVICE_FAMILY = "1,2";
				TEST_TARGET_NAME = TimeApp;
			};
			name = Debug;
		};
		793C42842CE9AFAA0027F3D1 /* Release */ = {
			isa = XCBuildConfiguration;
			buildSettings = {
				CODE_SIGN_STYLE = Automatic;
				CURRENT_PROJECT_VERSION = 1;
				GENERATE_INFOPLIST_FILE = YES;
				MARKETING_VERSION = 1.0;
				PRODUCT_BUNDLE_IDENTIFIER = Chidi.TimeAppUITests;
				PRODUCT_NAME = "$(TARGET_NAME)";
				SWIFT_EMIT_LOC_STRINGS = NO;
				SWIFT_VERSION = 5.0;
				TARGETED_DEVICE_FAMILY = "1,2";
				TEST_TARGET_NAME = TimeApp;
			};
			name = Release;
		};
/* End XCBuildConfiguration section */

/* Begin XCConfigurationList section */
		793C42532CE9AFA70027F3D1 /* Build configuration list for PBXProject "TimeApp" */ = {
			isa = XCConfigurationList;
			buildConfigurations = (
				793C427A2CE9AFAA0027F3D1 /* Debug */,
				793C427B2CE9AFAA0027F3D1 /* Release */,
			);
			defaultConfigurationIsVisible = 0;
			defaultConfigurationName = Release;
		};
		793C427C2CE9AFAA0027F3D1 /* Build configuration list for PBXNativeTarget "TimeApp" */ = {
			isa = XCConfigurationList;
			buildConfigurations = (
				793C427D2CE9AFAA0027F3D1 /* Debug */,
				793C427E2CE9AFAA0027F3D1 /* Release */,
			);
			defaultConfigurationIsVisible = 0;
			defaultConfigurationName = Release;
		};
		793C427F2CE9AFAA0027F3D1 /* Build configuration list for PBXNativeTarget "TimeAppTests" */ = {
			isa = XCConfigurationList;
			buildConfigurations = (
				793C42802CE9AFAA0027F3D1 /* Debug */,
				793C42812CE9AFAA0027F3D1 /* Release */,
			);
			defaultConfigurationIsVisible = 0;
			defaultConfigurationName = Release;
		};
		793C42822CE9AFAA0027F3D1 /* Build configuration list for PBXNativeTarget "TimeAppUITests" */ = {
			isa = XCConfigurationList;
			buildConfigurations = (
				793C42832CE9AFAA0027F3D1 /* Debug */,
				793C42842CE9AFAA0027F3D1 /* Release */,
			);
			defaultConfigurationIsVisible = 0;
			defaultConfigurationName = Release;
		};
/* End XCConfigurationList section */
	};
	rootObject = 793C42502CE9AFA70027F3D1 /* Project object */;
}
